
Microsoft Visual Studio Solution File, Format Version 12.00
# Visual Studio 2012
Project("{FAE04EC0-301F-11D3-BF4B-00C04F79EFBC}") = "Music", "Music\Music.csproj", "{E4603083-6A01-4F3A-9862-608ACCD79C96}"
EndProject
Global
	GlobalSection(SolutionConfigurationPlatforms) = preSolution
		Debug|Any CPU = Debug|Any CPU
		Release|Any CPU = Release|Any CPU
	EndGlobalSection
	GlobalSection(ProjectConfigurationPlatforms) = postSolution
		{E4603083-6A01-4F3A-9862-608ACCD79C96}.Debug|Any CPU.ActiveCfg = Debug|Any CPU
		{E4603083-6A01-4F3A-9862-608ACCD79C96}.Debug|Any CPU.Build.0 = Debug|Any CPU
		{E4603083-6A01-4F3A-9862-608ACCD79C96}.Release|Any CPU.ActiveCfg = Release|Any CPU
		{E4603083-6A01-4F3A-9862-608ACCD79C96}.Release|Any CPU.Build.0 = Release|Any CPU
	EndGlobalSection
	GlobalSection(SolutionProperties) = preSolution
		HideSolutionNode = FALSE
	EndGlobalSection
EndGlobal
